
Microsoft Visual Studio Solution File, Format Version 12.00
# Visual Studio 15
VisualStudioVersion = 15.0.27428.2011
MinimumVisualStudioVersion = 10.0.40219.1
Project("{8BC9CEB8-8B4A-11D0-8D11-00A0C91BC942}") = "BSpline", "BSpline\BSpline.vcxproj", "{97887023-D1C9-4E6C-867E-A5DDA5866064}"
EndProject
Global
	GlobalSection(SolutionConfigurationPlatforms) = preSolution
		Debug|x64 = Debug|x64
		Debug|x86 = Debug|x86
		Release|x64 = Release|x64
		Release|x86 = Release|x86
	EndGlobalSection
	GlobalSection(ProjectConfigurationPlatforms) = postSolution
		{97887023-D1C9-4E6C-867E-A5DDA5866064}.Debug|x64.ActiveCfg = Debug|x64
		{97887023-D1C9-4E6C-867E-A5DDA5866064}.Debug|x64.Build.0 = Debug|x64
		{97887023-D1C9-4E6C-867E-A5DDA5866064}.Debug|x86.ActiveCfg = Debug|Win32
		{97887023-D1C9-4E6C-867E-A5DDA5866064}.Debug|x86.Build.0 = Debug|Win32
		{97887023-D1C9-4E6C-867E-A5DDA5866064}.Release|x64.ActiveCfg = Release|x64
		{97887023-D1C9-4E6C-867E-A5DDA5866064}.Release|x64.Build.0 = Release|x64
		{97887023-D1C9-4E6C-867E-A5DDA5866064}.Release|x86.ActiveCfg = Release|Win32
		{97887023-D1C9-4E6C-867E-A5DDA5866064}.Release|x86.Build.0 = Release|Win32
	EndGlobalSection
	GlobalSection(SolutionProperties) = preSolution
		HideSolutionNode = FALSE
	EndGlobalSection
	GlobalSection(ExtensibilityGlobals) = postSolution
		SolutionGuid = {72EB9A43-AC06-4590-8952-34F8F4497B45}
	EndGlobalSection
EndGlobal
